dependencies:
- name: traefik
  repository: https://containous.github.io/traefik-helm-chart
  version: 8.9.1
- name: hasura
  repository: file://../../charts/hasura
  version: 0.1.5
- name: standard-service
  repository: file://../../charts/standard-service
  version: 0.1.6
- name: standard-service
  repository: file://../../charts/standard-service
  version: 0.1.6
- name: hasura-backend-plus
  repository: file://../../charts/hasura-backend-plus
  version: 0.1.9
digest: sha256:83cd653e414de89ef90ba6a14816662636f6892db4f8342ad8f9b7a5fef35ade
generated: "2021-01-25T13:03:05.55442+01:00"
