dependencies:
- name: postgresql
  repository: https://charts.bitnami.com/bitnami
  version: 8.10.13
- name: common
  repository: https://charts.bitnami.com/bitnami
  version: 0.7.1
digest: sha256:6fbc5a4bfe70c83a065b0f313e9d3f7b2ace03aad273eed26946052dd1096bb3
generated: "2020-09-29T21:47:03.779683+02:00"
