dependencies:
- name: postgresql
  repository: https://charts.bitnami.com/bitnami
  version: 10.10.1
- name: common
  repository: https://charts.bitnami.com/bitnami
  version: 1.9.0
digest: sha256:41ea83ab8c7c812b8d84c701c0662f86fdbb67827ad7c991a666d022ec28d7ef
generated: "2021-09-21T21:56:57.334246+02:00"
