dependencies:
- name: standard-service
  repository: file://../../charts/standard-service
  version: 0.1.1
- name: standard-service
  repository: file://../../charts/standard-service
  version: 0.1.1
- name: hasura
  repository: file://../../charts/hasura
  version: 0.1.0
- name: traefik
  repository: https://containous.github.io/traefik-helm-chart
  version: 8.9.1
digest: sha256:ec34a8463503405b68f6af33e245cb0113b8d035bc5a61e6caf2df313bb13d12
generated: "2020-10-20T09:29:38.894898+02:00"
