dependencies:
- name: traefik
  repository: https://containous.github.io/traefik-helm-chart
  version: 8.9.1
- name: hasura
  repository: file://../../charts/hasura
  version: 0.1.5
- name: standard-service
  repository: file://../../charts/standard-service
  version: 0.1.7
- name: hasura-backend-plus
  repository: file://../../charts/hasura-backend-plus
  version: 0.1.10
digest: sha256:4191779c08ce4d188c4569e7f6d1d69e0353ab1ce651958585e1cf4ce5ad6cd1
generated: "2021-01-31T10:51:49.395228+01:00"
