dependencies:
- name: traefik
  repository: https://containous.github.io/traefik-helm-chart
  version: 8.9.1
- name: hasura
  repository: file://../../charts/hasura
  version: 0.1.5
- name: standard-service
  repository: file://../../charts/standard-service
  version: 0.1.7
- name: hasura-backend-plus
  repository: file://../../charts/hasura-backend-plus
  version: 0.1.9
digest: sha256:615306a25e461c1cbb0c1a1e6090f1d50553884bbd92ebc2fce2e89c0c58f15f
generated: "2021-01-28T09:05:36.854637+01:00"
