dependencies:
- name: rabbitmq
  repository: https://charts.bitnami.com/bitnami
  version: 7.4.5
- name: standard-service
  repository: file://../../charts/standard-service
  version: 0.1.1
- name: standard-service
  repository: file://../../charts/standard-service
  version: 0.1.1
- name: standard-service
  repository: file://../../charts/standard-service
  version: 0.1.1
- name: hasura
  repository: file://../../charts/hasura
  version: 0.1.0
- name: hasura-backend-plus
  repository: file://../../charts/hasura-backend-plus
  version: 0.1.0
- name: traefik
  repository: https://containous.github.io/traefik-helm-chart
  version: 8.9.1
digest: sha256:243a156ebf90ac0e0235fa44f878b6cc45e57e4f21855fb78a2ed2e1a006338a
generated: "2020-10-19T15:48:45.564201+02:00"
