dependencies:
- name: hasura-backend-plus
  repository: file://../hasura-backend-plus
  version: 0.2.6
- name: standard-service
  repository: file://../standard-service
  version: 0.1.15
digest: sha256:3fbc5a7839753a6f7c5bc4544248a41d69d9943731255138400222dcb132dc2d
generated: "2021-11-26T10:37:52.733303+01:00"
