dependencies:
- name: minio
  repository: https://charts.bitnami.com/bitnami
  version: 8.0.1
- name: hasura
  repository: file://../hasura
  version: 0.1.8
- name: common
  repository: https://charts.bitnami.com/bitnami
  version: 1.9.0
digest: sha256:570778f80340c0442e67c011703d2c1f70aeb016fb8d78d72b9dab759e607583
generated: "2021-09-21T21:57:15.576212+02:00"
