dependencies:
- name: minio
  repository: https://charts.bitnami.com/bitnami
  version: 8.0.1
- name: hasura
  repository: file://../hasura
  version: 1.1.6
- name: common
  repository: https://charts.bitnami.com/bitnami
  version: 1.9.0
digest: sha256:34ac2864b54bf0fa76b9dc87dcc8393665af2346a1cd70be607e608f6bba95cb
generated: "2021-11-26T10:37:28.776651+01:00"
