dependencies:
- name: minio
  repository: https://charts.bitnami.com/bitnami
  version: 8.0.1
- name: hasura
  repository: file://../hasura
  version: 1.1.5
- name: common
  repository: https://charts.bitnami.com/bitnami
  version: 1.9.0
digest: sha256:27282914a87f6df774d12213e50e79026f1b2c44dcb9f077c00b07ef698c98e8
generated: "2021-11-24T11:21:32.066842+01:00"
