dependencies:
- name: traefik
  repository: https://containous.github.io/traefik-helm-chart
  version: 8.9.1
- name: hasura
  repository: file://../../charts/hasura
  version: 0.1.5
- name: standard-service
  repository: file://../../charts/standard-service
  version: 0.1.6
- name: standard-service
  repository: file://../../charts/standard-service
  version: 0.1.6
- name: hasura-backend-plus
  repository: file://../../charts/hasura-backend-plus
  version: 0.1.8
digest: sha256:cb7bd9754a34e6f193da4bda088638a02662d356c0f7e56b106feff5f6f63dd0
generated: "2021-01-05T16:03:15.379585+01:00"
